// !$*UTF8*$!
{
	archiveVersion = 1;
	classes = {
	};
	objectVersion = 46;
	objects = {

/* Begin PBXBuildFile section */
		A198FDD79528E094C9DF2487 /* libPods-iPhoneiBeaconExp.a in Frameworks */ = {isa = PBXBuildFile; fileRef = B10F08BC1FD4071B4F2CE6C0 /* libPods-iPhoneiBeaconExp.a */; };
		D83A600F1E56504E00FCB41B /* Utils.swift in Sources */ = {isa = PBXBuildFile; fileRef = D83A600E1E56504E00FCB41B /* Utils.swift */; };
		D8D2F5501E4A742600835D01 /* AppDelegate.swift in Sources */ = {isa = PBXBuildFile; fileRef = D8D2F54F1E4A742600835D01 /* AppDelegate.swift */; };
		D8D2F5521E4A742600835D01 /* ViewController.swift in Sources */ = {isa = PBXBuildFile; fileRef = D8D2F5511E4A742600835D01 /* ViewController.swift */; };
		D8D2F5551E4A742600835D01 /* Main.storyboard in Resources */ = {isa = PBXBuildFile; fileRef = D8D2F5531E4A742600835D01 /* Main.storyboard */; };
		D8D2F5571E4A742600835D01 /* Assets.xcassets in Resources */ = {isa = PBXBuildFile; fileRef = D8D2F5561E4A742600835D01 /* Assets.xcassets */; };
		D8D2F55A1E4A742600835D01 /* LaunchScreen.storyboard in Resources */ = {isa = PBXBuildFile; fileRef = D8D2F5581E4A742600835D01 /* LaunchScreen.storyboard */; };
/* End PBXBuildFile section */

/* Begin PBXFileReference section */
		183B785214146BF39B2FE0CD /* Pods-iPhoneiBeaconExp.release.xcconfig */ = {isa = PBXFileReference; includeInIndex = 1; lastKnownFileType = text.xcconfig; name = "Pods-iPhoneiBeaconExp.release.xcconfig"; path = "Pods/Target Support Files/Pods-iPhoneiBeaconExp/Pods-iPhoneiBeaconExp.release.xcconfig"; sourceTree = "<group>"; };
		B10F08BC1FD4071B4F2CE6C0 /* libPods-iPhoneiBeaconExp.a */ = {isa = PBXFileReference; explicitFileType = archive.ar; includeInIndex = 0; path = "libPods-iPhoneiBeaconExp.a"; sourceTree = BUILT_PRODUCTS_DIR; };
		C715846DBDDCABE8E714213F /* Pods-iPhoneiBeaconExp.debug.xcconfig */ = {isa = PBXFileReference; includeInIndex = 1; lastKnownFileType = text.xcconfig; name = "Pods-iPhoneiBeaconExp.debug.xcconfig"; path = "Pods/Target Support Files/Pods-iPhoneiBeaconExp/Pods-iPhoneiBeaconExp.debug.xcconfig"; sourceTree = "<group>"; };
		D83A600E1E56504E00FCB41B /* Utils.swift */ = {isa = PBXFileReference; fileEncoding = 4; lastKnownFileType = sourcecode.swift; path = Utils.swift; sourceTree = "<group>"; };
		D8D2F54C1E4A742600835D01 /* iPhoneiBeaconExp.app */ = {isa = PBXFileReference; explicitFileType = wrapper.application; includeInIndex = 0; path = iPhoneiBeaconExp.app; sourceTree = BUILT_PRODUCTS_DIR; };
		D8D2F54F1E4A742600835D01 /* AppDelegate.swift */ = {isa = PBXFileReference; lastKnownFileType = sourcecode.swift; path = AppDelegate.swift; sourceTree = "<group>"; };
		D8D2F5511E4A742600835D01 /* ViewController.swift */ = {isa = PBXFileReference; lastKnownFileType = sourcecode.swift; path = ViewController.swift; sourceTree = "<group>"; };
		D8D2F5541E4A742600835D01 /* Base */ = {isa = PBXFileReference; lastKnownFileType = file.storyboard; name = Base; path = Base.lproj/Main.storyboard; sourceTree = "<group>"; };
		D8D2F5561E4A742600835D01 /* Assets.xcassets */ = {isa = PBXFileReference; lastKnownFileType = folder.assetcatalog; path = Assets.xcassets; sourceTree = "<group>"; };
		D8D2F5591E4A742600835D01 /* Base */ = {isa = PBXFileReference; lastKnownFileType = file.storyboard; name = Base; path = Base.lproj/LaunchScreen.storyboard; sourceTree = "<group>"; };
		D8D2F55B1E4A742600835D01 /* Info.plist */ = {isa = PBXFileReference; lastKnownFileType = text.plist.xml; path = Info.plist; sourceTree = "<group>"; };
/* End PBXFileReference section */

/* Begin PBXFrameworksBuildPhase section */
		D8D2F5491E4A742600835D01 /* Frameworks */ = {
			isa = PBXFrameworksBuildPhase;
			buildActionMask = 2147483647;
			files = (
				A198FDD79528E094C9DF2487 /* libPods-iPhoneiBeaconExp.a in Frameworks */,
			);
			runOnlyForDeploymentPostprocessing = 0;
		};
/* End PBXFrameworksBuildPhase section */

/* Begin PBXGroup section */
		D8D2F5431E4A742600835D01 = {
			isa = PBXGroup;
			children = (
				D8D2F54E1E4A742600835D01 /* iPhoneiBeaconExp */,
				D8D2F54D1E4A742600835D01 /* Products */,
				F8C4B086EFA05961C60A1CF7 /* Pods */,
				FDED1BE63B16F99A5A61251B /* Frameworks */,
			);
			sourceTree = "<group>";
		};
		D8D2F54D1E4A742600835D01 /* Products */ = {
			isa = PBXGroup;
			children = (
				D8D2F54C1E4A742600835D01 /* iPhoneiBeaconExp.app */,
			);
			name = Products;
			sourceTree = "<group>";
		};
		D8D2F54E1E4A742600835D01 /* iPhoneiBeaconExp */ = {
			isa = PBXGroup;
			children = (
				D8D2F54F1E4A742600835D01 /* AppDelegate.swift */,
				D8D2F5511E4A742600835D01 /* ViewController.swift */,
				D83A600E1E56504E00FCB41B /* Utils.swift */,
				D8D2F5531E4A742600835D01 /* Main.storyboard */,
				D8D2F5561E4A742600835D01 /* Assets.xcassets */,
				D8D2F5581E4A742600835D01 /* LaunchScreen.storyboard */,
				D8D2F55B1E4A742600835D01 /* Info.plist */,
			);
			path = iPhoneiBeaconExp;
			sourceTree = "<group>";
		};
		F8C4B086EFA05961C60A1CF7 /* Pods */ = {
			isa = PBXGroup;
			children = (
				C715846DBDDCABE8E714213F /* Pods-iPhoneiBeaconExp.debug.xcconfig */,
				183B785214146BF39B2FE0CD /* Pods-iPhoneiBeaconExp.release.xcconfig */,
			);
			name = Pods;
			sourceTree = "<group>";
		};
		FDED1BE63B16F99A5A61251B /* Frameworks */ = {
			isa = PBXGroup;
			children = (
				B10F08BC1FD4071B4F2CE6C0 /* libPods-iPhoneiBeaconExp.a */,
			);
			name = Frameworks;
			sourceTree = "<group>";
		};
/* End PBXGroup section */

/* Begin PBXNativeTarget section */
		D8D2F54B1E4A742600835D01 /* iPhoneiBeaconExp */ = {
			isa = PBXNativeTarget;
			buildConfigurationList = D8D2F55E1E4A742600835D01 /* Build configuration list for PBXNativeTarget "iPhoneiBeaconExp" */;
			buildPhases = (
				9F98B499F06343646E4247F1 /* [CP] Check Pods Manifest.lock */,
				D8D2F5481E4A742600835D01 /* Sources */,
				D8D2F5491E4A742600835D01 /* Frameworks */,
				D8D2F54A1E4A742600835D01 /* Resources */,
				CB5C492ED2A088D14D9AD0E2 /* [CP] Embed Pods Frameworks */,
				6CE35C54C219E8B56C30D26A /* [CP] Copy Pods Resources */,
				D860EDB51E5F93AE000285BA /* ShellScript */,
			);
			buildRules = (
			);
			dependencies = (
			);
			name = iPhoneiBeaconExp;
			productName = iPhoneiBeaconExp;
			productReference = D8D2F54C1E4A742600835D01 /* iPhoneiBeaconExp.app */;
			productType = "com.apple.product-type.application";
		};
/* End PBXNativeTarget section */

/* Begin PBXProject section */
		D8D2F5441E4A742600835D01 /* Project object */ = {
			isa = PBXProject;
			attributes = {
				LastSwiftUpdateCheck = 0820;
				LastUpgradeCheck = 0820;
				ORGANIZATIONNAME = Envoy;
				TargetAttributes = {
					D8D2F54B1E4A742600835D01 = {
						CreatedOnToolsVersion = 8.2.1;
						DevelopmentTeam = B35B3E8LE3;
						ProvisioningStyle = Manual;
					};
				};
			};
			buildConfigurationList = D8D2F5471E4A742600835D01 /* Build configuration list for PBXProject "iPhoneiBeaconExp" */;
			compatibilityVersion = "Xcode 3.2";
			developmentRegion = English;
			hasScannedForEncodings = 0;
			knownRegions = (
				en,
				Base,
			);
			mainGroup = D8D2F5431E4A742600835D01;
			productRefGroup = D8D2F54D1E4A742600835D01 /* Products */;
			projectDirPath = "";
			projectRoot = "";
			targets = (
				D8D2F54B1E4A742600835D01 /* iPhoneiBeaconExp */,
			);
		};
/* End PBXProject section */

/* Begin PBXResourcesBuildPhase section */
		D8D2F54A1E4A742600835D01 /* Resources */ = {
			isa = PBXResourcesBuildPhase;
			buildActionMask = 2147483647;
			files = (
				D8D2F55A1E4A742600835D01 /* LaunchScreen.storyboard in Resources */,
				D8D2F5571E4A742600835D01 /* Assets.xcassets in Resources */,
				D8D2F5551E4A742600835D01 /* Main.storyboard in Resources */,
			);
			runOnlyForDeploymentPostprocessing = 0;
		};
/* End PBXResourcesBuildPhase section */

/* Begin PBXShellScriptBuildPhase section */
		6CE35C54C219E8B56C30D26A /* [CP] Copy Pods Resources */ = {
			isa = PBXShellScriptBuildPhase;
			buildActionMask = 2147483647;
			files = (
			);
			inputPaths = (
			);
			name = "[CP] Copy Pods Resources";
			outputPaths = (
			);
			runOnlyForDeploymentPostprocessing = 0;
			shellPath = /bin/sh;
			shellScript = "\"${SRCROOT}/Pods/Target Support Files/Pods-iPhoneiBeaconExp/Pods-iPhoneiBeaconExp-resources.sh\"\n";
			showEnvVarsInLog = 0;
		};
		9F98B499F06343646E4247F1 /* [CP] Check Pods Manifest.lock */ = {
			isa = PBXShellScriptBuildPhase;
			buildActionMask = 2147483647;
			files = (
			);
			inputPaths = (
			);
			name = "[CP] Check Pods Manifest.lock";
			outputPaths = (
			);
			runOnlyForDeploymentPostprocessing = 0;
			shellPath = /bin/sh;
			shellScript = "diff \"${PODS_ROOT}/../Podfile.lock\" \"${PODS_ROOT}/Manifest.lock\" > /dev/null\nif [ $? != 0 ] ; then\n    # print error to STDERR\n    echo \"error: The sandbox is not in sync with the Podfile.lock. Run 'pod install' or update your CocoaPods installation.\" >&2\n    exit 1\nfi\n";
			showEnvVarsInLog = 0;
		};
		CB5C492ED2A088D14D9AD0E2 /* [CP] Embed Pods Frameworks */ = {
			isa = PBXShellScriptBuildPhase;
			buildActionMask = 2147483647;
			files = (
			);
			inputPaths = (
			);
			name = "[CP] Embed Pods Frameworks";
			outputPaths = (
			);
			runOnlyForDeploymentPostprocessing = 0;
			shellPath = /bin/sh;
			shellScript = "\"${SRCROOT}/Pods/Target Support Files/Pods-iPhoneiBeaconExp/Pods-iPhoneiBeaconExp-frameworks.sh\"\n";
			showEnvVarsInLog = 0;
		};
		D860EDB51E5F93AE000285BA /* ShellScript */ = {
			isa = PBXShellScriptBuildPhase;
			buildActionMask = 8;
			files = (
			);
			inputPaths = (
			);
			outputPaths = (
			);
			runOnlyForDeploymentPostprocessing = 1;
			shellPath = /bin/sh;
			shellScript = "\"${PODS_ROOT}/Fabric/run\" eb436785f710f7cb314edf54b6f171eed5aed897 40a9a7764b2af3a58438b4899a343c6f534e3379cffdad73be50b80e03f7ac0c";
		};
/* End PBXShellScriptBuildPhase section */

/* Begin PBXSourcesBuildPhase section */
		D8D2F5481E4A742600835D01 /* Sources */ = {
			isa = PBXSourcesBuildPhase;
			buildActionMask = 2147483647;
			files = (
				D8D2F5521E4A742600835D01 /* ViewController.swift in Sources */,
				D8D2F5501E4A742600835D01 /* AppDelegate.swift in Sources */,
				D83A600F1E56504E00FCB41B /* Utils.swift in Sources */,
			);
			runOnlyForDeploymentPostprocessing = 0;
		};
/* End PBXSourcesBuildPhase section */

/* Begin PBXVariantGroup section */
		D8D2F5531E4A742600835D01 /* Main.storyboard */ = {
			isa = PBXVariantGroup;
			children = (
				D8D2F5541E4A742600835D01 /* Base */,
			);
			name = Main.storyboard;
			sourceTree = "<group>";
		};
		D8D2F5581E4A742600835D01 /* LaunchScreen.storyboard */ = {
			isa = PBXVariantGroup;
			children = (
				D8D2F5591E4A742600835D01 /* Base */,
			);
			name = LaunchScreen.storyboard;
			sourceTree = "<group>";
		};
/* End PBXVariantGroup section */

/* Begin XCBuildConfiguration section */
		D8D2F55C1E4A742600835D01 /* Debug */ = {
			isa = XCBuildConfiguration;
			buildSettings = {
				ALWAYS_SEARCH_USER_PATHS = NO;
				CLANG_ANALYZER_NONNULL = YES;
				CLANG_CXX_LANGUAGE_STANDARD = "gnu++0x";
				CLANG_CXX_LIBRARY = "libc++";
				CLANG_ENABLE_MODULES = YES;
				CLANG_ENABLE_OBJC_ARC = YES;
				CLANG_WARN_BOOL_CONVERSION = YES;
				CLANG_WARN_CONSTANT_CONVERSION = YES;
				CLANG_WARN_DIRECT_OBJC_ISA_USAGE = YES_ERROR;
				CLANG_WARN_DOCUMENTATION_COMMENTS = YES;
				CLANG_WARN_EMPTY_BODY = YES;
				CLANG_WARN_ENUM_CONVERSION = YES;
				CLANG_WARN_INFINITE_RECURSION = YES;
				CLANG_WARN_INT_CONVERSION = YES;
				CLANG_WARN_OBJC_ROOT_CLASS = YES_ERROR;
				CLANG_WARN_SUSPICIOUS_MOVE = YES;
				CLANG_WARN_UNREACHABLE_CODE = YES;
				CLANG_WARN__DUPLICATE_METHOD_MATCH = YES;
				"CODE_SIGN_IDENTITY[sdk=iphoneos*]" = "iPhone Developer";
				COPY_PHASE_STRIP = NO;
				DEBUG_INFORMATION_FORMAT = dwarf;
				ENABLE_STRICT_OBJC_MSGSEND = YES;
				ENABLE_TESTABILITY = YES;
				GCC_C_LANGUAGE_STANDARD = gnu99;
				GCC_DYNAMIC_NO_PIC = NO;
				GCC_NO_COMMON_BLOCKS = YES;
				GCC_OPTIMIZATION_LEVEL = 0;
				GCC_PREPROCESSOR_DEFINITIONS = (
					"DEBUG=1",
					"$(inherited)",
				);
				GCC_WARN_64_TO_32_BIT_CONVERSION = YES;
				GCC_WARN_ABOUT_RETURN_TYPE = YES_ERROR;
				GCC_WARN_UNDECLARED_SELECTOR = YES;
				GCC_WARN_UNINITIALIZED_AUTOS = YES_AGGRESSIVE;
				GCC_WARN_UNUSED_FUNCTION = YES;
				GCC_WARN_UNUSED_VARIABLE = YES;
				IPHONEOS_DEPLOYMENT_TARGET = 9.0;
				MTL_ENABLE_DEBUG_INFO = YES;
				ONLY_ACTIVE_ARCH = YES;
				SDKROOT = iphoneos;
				SWIFT_ACTIVE_COMPILATION_CONDITIONS = DEBUG;
				SWIFT_OPTIMIZATION_LEVEL = "-Onone";
			};
			name = Debug;
		};
		D8D2F55D1E4A742600835D01 /* Release */ = {
			isa = XCBuildConfiguration;
			buildSettings = {
				ALWAYS_SEARCH_USER_PATHS = NO;
				CLANG_ANALYZER_NONNULL = YES;
				CLANG_CXX_LANGUAGE_STANDARD = "gnu++0x";
				CLANG_CXX_LIBRARY = "libc++";
				CLANG_ENABLE_MODULES = YES;
				CLANG_ENABLE_OBJC_ARC = YES;
				CLANG_WARN_BOOL_CONVERSION = YES;
				CLANG_WARN_CONSTANT_CONVERSION = YES;
				CLANG_WARN_DIRECT_OBJC_ISA_USAGE = YES_ERROR;
				CLANG_WARN_DOCUMENTATION_COMMENTS = YES;
				CLANG_WARN_EMPTY_BODY = YES;
				CLANG_WARN_ENUM_CONVERSION = YES;
				CLANG_WARN_INFINITE_RECURSION = YES;
				CLANG_WARN_INT_CONVERSION = YES;
				CLANG_WARN_OBJC_ROOT_CLASS = YES_ERROR;
				CLANG_WARN_SUSPICIOUS_MOVE = YES;
				CLANG_WARN_UNREACHABLE_CODE = YES;
				CLANG_WARN__DUPLICATE_METHOD_MATCH = YES;
				"CODE_SIGN_IDENTITY[sdk=iphoneos*]" = "iPhone Developer";
				COPY_PHASE_STRIP = NO;
				DEBUG_INFORMATION_FORMAT = "dwarf-with-dsym";
				ENABLE_NS_ASSERTIONS = NO;
				ENABLE_STRICT_OBJC_MSGSEND = YES;
				GCC_C_LANGUAGE_STANDARD = gnu99;
				GCC_NO_COMMON_BLOCKS = YES;
				GCC_WARN_64_TO_32_BIT_CONVERSION = YES;
				GCC_WARN_ABOUT_RETURN_TYPE = YES_ERROR;
				GCC_WARN_UNDECLARED_SELECTOR = YES;
				GCC_WARN_UNINITIALIZED_AUTOS = YES_AGGRESSIVE;
				GCC_WARN_UNUSED_FUNCTION = YES;
				GCC_WARN_UNUSED_VARIABLE = YES;
				IPHONEOS_DEPLOYMENT_TARGET = 9.0;
				MTL_ENABLE_DEBUG_INFO = NO;
				SDKROOT = iphoneos;
				SWIFT_OPTIMIZATION_LEVEL = "-Owholemodule";
				VALIDATE_PRODUCT = YES;
			};
			name = Release;
		};
		D8D2F55F1E4A742600835D01 /* Debug */ = {
			isa = XCBuildConfiguration;
			baseConfigurationReference = C715846DBDDCABE8E714213F /* Pods-iPhoneiBeaconExp.debug.xcconfig */;
			buildSettings = {
				ASSETCATALOG_COMPILER_APPICON_NAME = AppIcon;
				"CODE_SIGN_IDENTITY[sdk=iphoneos*]" = "iPhone Developer";
				DEVELOPMENT_TEAM = B35B3E8LE3;
				INFOPLIST_FILE = iPhoneiBeaconExp/Info.plist;
				LD_RUNPATH_SEARCH_PATHS = "$(inherited) @executable_path/Frameworks";
				PRODUCT_BUNDLE_IDENTIFIER = com.envoy.iPhoneiBeaconExp;
				PRODUCT_NAME = "$(TARGET_NAME)";
				PROVISIONING_PROFILE = "a335b1f8-4835-4507-8cc8-4ac0fe99cf11";
				PROVISIONING_PROFILE_SPECIFIER = "FangPen iPhoneiBeaconExp Dev";
				SWIFT_VERSION = 3.0;
			};
			name = Debug;
		};
		D8D2F5601E4A742600835D01 /* Release */ = {
			isa = XCBuildConfiguration;
			baseConfigurationReference = 183B785214146BF39B2FE0CD /* Pods-iPhoneiBeaconExp.release.xcconfig */;
			buildSettings = {
				ASSETCATALOG_COMPILER_APPICON_NAME = AppIcon;
				"CODE_SIGN_IDENTITY[sdk=iphoneos*]" = "iPhone Developer";
				DEVELOPMENT_TEAM = B35B3E8LE3;
				INFOPLIST_FILE = iPhoneiBeaconExp/Info.plist;
				LD_RUNPATH_SEARCH_PATHS = "$(inherited) @executable_path/Frameworks";
				PRODUCT_BUNDLE_IDENTIFIER = com.envoy.iPhoneiBeaconExp;
				PRODUCT_NAME = "$(TARGET_NAME)";
				PROVISIONING_PROFILE = "a335b1f8-4835-4507-8cc8-4ac0fe99cf11";
				PROVISIONING_PROFILE_SPECIFIER = "FangPen iPhoneiBeaconExp Dev";
				SWIFT_VERSION = 3.0;
			};
			name = Release;
		};
/* End XCBuildConfiguration section */

/* Begin XCConfigurationList section */
		D8D2F5471E4A742600835D01 /* Build configuration list for PBXProject "iPhoneiBeaconExp" */ = {
			isa = XCConfigurationList;
			buildConfigurations = (
				D8D2F55C1E4A742600835D01 /* Debug */,
				D8D2F55D1E4A742600835D01 /* Release */,
			);
			defaultConfigurationIsVisible = 0;
			defaultConfigurationName = Release;
		};
		D8D2F55E1E4A742600835D01 /* Build configuration list for PBXNativeTarget "iPhoneiBeaconExp" */ = {
			isa = XCConfigurationList;
			buildConfigurations = (
				D8D2F55F1E4A742600835D01 /* Debug */,
				D8D2F5601E4A742600835D01 /* Release */,
			);
			defaultConfigurationIsVisible = 0;
			defaultConfigurationName = Release;
		};
/* End XCConfigurationList section */
	};
	rootObject = D8D2F5441E4A742600835D01 /* Project object */;
}
